# This file is generated by running "yarn install" inside your project.
# Manual changes might be lost - proceed with caution!

__metadata:
  version: 6
  cacheKey: 8

"@esbuild/android-arm@npm:0.15.10":
  version: 0.15.10
  resolution: "@esbuild/android-arm@npm:0.15.10"
  conditions: os=android & cpu=arm
  languageName: node
  linkType: hard

"@esbuild/linux-loong64@npm:0.15.10":
  version: 0.15.10
  resolution: "@esbuild/linux-loong64@npm:0.15.10"
  conditions: os=linux & cpu=loong64
  languageName: node
  linkType: hard

"braind@workspace:.":
  version: 0.0.0-use.local
  resolution: "braind@workspace:."
  dependencies:
    esbuild: ^0.15.10
    typescript: 4.8.4
  languageName: unknown
  linkType: soft

"esbuild-android-64@npm:0.15.10":
  version: 0.15.10
  resolution: "esbuild-android-64@npm:0.15.10"
  conditions: os=android & cpu=x64
  languageName: node
  linkType: hard

"esbuild-android-arm64@npm:0.15.10":
  version: 0.15.10
  resolution: "esbuild-android-arm64@npm:0.15.10"
  conditions: os=android & cpu=arm64
  languageName: node
  linkType: hard

"esbuild-darwin-64@npm:0.15.10":
  version: 0.15.10
  resolution: "esbuild-darwin-64@npm:0.15.10"
  conditions: os=darwin & cpu=x64
  languageName: node
  linkType: hard

"esbuild-darwin-arm64@npm:0.15.10":
  version: 0.15.10
  resolution: "esbuild-darwin-arm64@npm:0.15.10"
  conditions: os=darwin & cpu=arm64
  languageName: node
  linkType: hard

"esbuild-freebsd-64@npm:0.15.10":
  version: 0.15.10
  resolution: "esbuild-freebsd-64@npm:0.15.10"
  conditions: os=freebsd & cpu=x64
  languageName: node
  linkType: hard

"esbuild-freebsd-arm64@npm:0.15.10":
  version: 0.15.10
  resolution: "esbuild-freebsd-arm64@npm:0.15.10"
  conditions: os=freebsd & cpu=arm64
  languageName: node
  linkType: hard

"esbuild-linux-32@npm:0.15.10":
  version: 0.15.10
  resolution: "esbuild-linux-32@npm:0.15.10"
  conditions: os=linux & cpu=ia32
  languageName: node
  linkType: hard

"esbuild-linux-64@npm:0.15.10":
  version: 0.15.10
  resolution: "esbuild-linux-64@npm:0.15.10"
  conditions: os=linux & cpu=x64
  languageName: node
  linkType: hard

"esbuild-linux-arm64@npm:0.15.10":
  version: 0.15.10
  resolution: "esbuild-linux-arm64@npm:0.15.10"
  conditions: os=linux & cpu=arm64
  languageName: node
  linkType: hard

"esbuild-linux-arm@npm:0.15.10":
  version: 0.15.10
  resolution: "esbuild-linux-arm@npm:0.15.10"
  conditions: os=linux & cpu=arm
  languageName: node
  linkType: hard

"esbuild-linux-mips64le@npm:0.15.10":
  version: 0.15.10
  resolution: "esbuild-linux-mips64le@npm:0.15.10"
  conditions: os=linux & cpu=mips64el
  languageName: node
  linkType: hard

"esbuild-linux-ppc64le@npm:0.15.10":
  version: 0.15.10
  resolution: "esbuild-linux-ppc64le@npm:0.15.10"
  conditions: os=linux & cpu=ppc64
  languageName: node
  linkType: hard

"esbuild-linux-riscv64@npm:0.15.10":
  version: 0.15.10
  resolution: "esbuild-linux-riscv64@npm:0.15.10"
  conditions: os=linux & cpu=riscv64
  languageName: node
  linkType: hard

"esbuild-linux-s390x@npm:0.15.10":
  version: 0.15.10
  resolution: "esbuild-linux-s390x@npm:0.15.10"
  conditions: os=linux & cpu=s390x
  languageName: node
  linkType: hard

"esbuild-netbsd-64@npm:0.15.10":
  version: 0.15.10
  resolution: "esbuild-netbsd-64@npm:0.15.10"
  conditions: os=netbsd & cpu=x64
  languageName: node
  linkType: hard

"esbuild-openbsd-64@npm:0.15.10":
  version: 0.15.10
  resolution: "esbuild-openbsd-64@npm:0.15.10"
  conditions: os=openbsd & cpu=x64
  languageName: node
  linkType: hard

"esbuild-sunos-64@npm:0.15.10":
  version: 0.15.10
  resolution: "esbuild-sunos-64@npm:0.15.10"
  conditions: os=sunos & cpu=x64
  languageName: node
  linkType: hard

"esbuild-windows-32@npm:0.15.10":
  version: 0.15.10
  resolution: "esbuild-windows-32@npm:0.15.10"
  conditions: os=win32 & cpu=ia32
  languageName: node
  linkType: hard

"esbuild-windows-64@npm:0.15.10":
  version: 0.15.10
  resolution: "esbuild-windows-64@npm:0.15.10"
  conditions: os=win32 & cpu=x64
  languageName: node
  linkType: hard

"esbuild-windows-arm64@npm:0.15.10":
  version: 0.15.10
  resolution: "esbuild-windows-arm64@npm:0.15.10"
  conditions: os=win32 & cpu=arm64
  languageName: node
  linkType: hard

"esbuild@npm:^0.15.10":
  version: 0.15.10
  resolution: "esbuild@npm:0.15.10"
  dependencies:
    "@esbuild/android-arm": 0.15.10
    "@esbuild/linux-loong64": 0.15.10
    esbuild-android-64: 0.15.10
    esbuild-android-arm64: 0.15.10
    esbuild-darwin-64: 0.15.10
    esbuild-darwin-arm64: 0.15.10
    esbuild-freebsd-64: 0.15.10
    esbuild-freebsd-arm64: 0.15.10
    esbuild-linux-32: 0.15.10
    esbuild-linux-64: 0.15.10
    esbuild-linux-arm: 0.15.10
    esbuild-linux-arm64: 0.15.10
    esbuild-linux-mips64le: 0.15.10
    esbuild-linux-ppc64le: 0.15.10
    esbuild-linux-riscv64: 0.15.10
    esbuild-linux-s390x: 0.15.10
    esbuild-netbsd-64: 0.15.10
    esbuild-openbsd-64: 0.15.10
    esbuild-sunos-64: 0.15.10
    esbuild-windows-32: 0.15.10
    esbuild-windows-64: 0.15.10
    esbuild-windows-arm64: 0.15.10
  dependenciesMeta:
    "@esbuild/android-arm":
      optional: true
    "@esbuild/linux-loong64":
      optional: true
    esbuild-android-64:
      optional: true
    esbuild-android-arm64:
      optional: true
    esbuild-darwin-64:
      optional: true
    esbuild-darwin-arm64:
      optional: true
    esbuild-freebsd-64:
      optional: true
    esbuild-freebsd-arm64:
      optional: true
    esbuild-linux-32:
      optional: true
    esbuild-linux-64:
      optional: true
    esbuild-linux-arm:
      optional: true
    esbuild-linux-arm64:
      optional: true
    esbuild-linux-mips64le:
      optional: true
    esbuild-linux-ppc64le:
      optional: true
    esbuild-linux-riscv64:
      optional: true
    esbuild-linux-s390x:
      optional: true
    esbuild-netbsd-64:
      optional: true
    esbuild-openbsd-64:
      optional: true
    esbuild-sunos-64:
      optional: true
    esbuild-windows-32:
      optional: true
    esbuild-windows-64:
      optional: true
    esbuild-windows-arm64:
      optional: true
  bin:
    esbuild: bin/esbuild
  checksum: bc2daadb952c527e7ab0a972fd4f79071c9fd3d948cd97290d3de8811b6b7fc0abc43fb20116dffa24dc923550f4fe7b0d930ff6418ae7dfbff3034c1a01d59a
  languageName: node
  linkType: hard

"typescript@npm:4.8.4":
  version: 4.8.4
  resolution: "typescript@npm:4.8.4"
  bin:
    tsc: bin/tsc
    tsserver: bin/tsserver
  checksum: 3e4f061658e0c8f36c820802fa809e0fd812b85687a9a2f5430bc3d0368e37d1c9605c3ce9b39df9a05af2ece67b1d844f9f6ea8ff42819f13bcb80f85629af0
  languageName: node
  linkType: hard

"typescript@patch:typescript@4.8.4#~builtin<compat/typescript>":
  version: 4.8.4
  resolution: "typescript@patch:typescript@npm%3A4.8.4#~builtin<compat/typescript>::version=4.8.4&hash=701156"
  bin:
    tsc: bin/tsc
    tsserver: bin/tsserver
  checksum: 301459fc3eb3b1a38fe91bf96d98eb55da88a9cb17b4ef80b4d105d620f4d547ba776cc27b44cc2ef58b66eda23fe0a74142feb5e79a6fb99f54fc018a696afa
  languageName: node
  linkType: hard
